
Microsoft Visual Studio Solution File, Format Version 12.00
# Visual Studio Version 17
VisualStudioVersion = 17.7.34202.233
MinimumVisualStudioVersion = 10.0.40219.1
Project("{FAE04EC0-301F-11D3-BF4B-00C04F79EFBC}") = "SampleProject", "SampleProject.csproj", "{3BAFB550-AF06-4CB5-A706-33F0CC2012CC}"
EndProject
Global
	GlobalSection(SolutionConfigurationPlatforms) = preSolution
		Debug|Any CPU = Debug|Any CPU
		Release|Any CPU = Release|Any CPU
	EndGlobalSection
	GlobalSection(ProjectConfigurationPlatforms) = postSolution
		{3BAFB550-AF06-4CB5-A706-33F0CC2012CC}.Debug|Any CPU.ActiveCfg = Debug|Any CPU
		{3BAFB550-AF06-4CB5-A706-33F0CC2012CC}.Debug|Any CPU.Build.0 = Debug|Any CPU
		{3BAFB550-AF06-4CB5-A706-33F0CC2012CC}.Release|Any CPU.ActiveCfg = Release|Any CPU
		{3BAFB550-AF06-4CB5-A706-33F0CC2012CC}.Release|Any CPU.Build.0 = Release|Any CPU
	EndGlobalSection
	GlobalSection(SolutionProperties) = preSolution
		HideSolutionNode = FALSE
	EndGlobalSection
	GlobalSection(ExtensibilityGlobals) = postSolution
		SolutionGuid = {1EF07CBC-2724-4F6F-9A07-85DACAC9BA54}
	EndGlobalSection
EndGlobal
